
Microsoft Visual Studio Solution File, Format Version 12.00
# Visual Studio Version 17
VisualStudioVersion = 17.14.36221.1
MinimumVisualStudioVersion = 10.0.40219.1
Project("{FAE04EC0-301F-11D3-BF4B-00C04F79EFBC}") = "WebAPI", "server\WebAPI\WebAPI.csproj", "{BC2FF319-5EDD-470F-AFDD-F3829DB7D9EE}"
EndProject
Project("{FAE04EC0-301F-11D3-BF4B-00C04F79EFBC}") = "UserService", "server\Users\UserService\UserService.csproj", "{79F5E2DF-E8FB-A2ED-0BDC-2E55076E8018}"
EndProject
Project("{FAE04EC0-301F-11D3-BF4B-00C04F79EFBC}") = "CourtService", "server\Courts\CourtService\CourtService.csproj", "{71E0CD84-0E8F-A901-6C33-6F31D6B9E93A}"
EndProject
Project("{FAE04EC0-301F-11D3-BF4B-00C04F79EFBC}") = "BookingService", "server\Bookings\BookingService\BookingService.csproj", "{094DE32D-5325-3CCE-269E-56128FED48AD}"
EndProject
Project("{FAE04EC0-301F-11D3-BF4B-00C04F79EFBC}") = "Common", "server\Common\Common.csproj", "{E8208A76-2F2E-4313-8B6C-E4C7833F7BFE}"
EndProject
Project("{FAE04EC0-301F-11D3-BF4B-00C04F79EFBC}") = "PaymentService", "server\Payments\PaymentService\PaymentService.csproj", "{3ABD39D9-8BA6-4268-B21C-344AD33BDB08}"
EndProject
Project("{2150E333-8FDC-42A3-9474-1A3956D46DE8}") = "Test", "Test", "{972255DA-4988-4D77-8AC9-6D4887CC6112}"
EndProject
Project("{2150E333-8FDC-42A3-9474-1A3956D46DE8}") = "Server", "Server", "{F3F5B72E-585D-4172-BA56-F77BC703233C}"
EndProject
Project("{FAE04EC0-301F-11D3-BF4B-00C04F79EFBC}") = "CourtTest", "test\CourtTest\CourtTest.csproj", "{1AF9AD5C-F7C0-41D2-B27E-75A9F073987C}"
EndProject
Project("{FAE04EC0-301F-11D3-BF4B-00C04F79EFBC}") = "BookingTest", "test\BookingTest\BookingTest.csproj", "{8DDAF5A0-689C-444C-9676-F0EC0CC503E1}"
EndProject
Project("{FAE04EC0-301F-11D3-BF4B-00C04F79EFBC}") = "UserTest", "test\UserTest\UserTest.csproj", "{0C663825-3B26-48DA-ACAE-B1E963728ED4}"
EndProject
Project("{FAE04EC0-301F-11D3-BF4B-00C04F79EFBC}") = "PaymentTest", "test\PaymentTest\PaymentTest.csproj", "{D7F1A6CE-10D9-4794-9529-2E88386D15B7}"
EndProject
Project("{FAE04EC0-301F-11D3-BF4B-00C04F79EFBC}") = "IntegrationTest", "test\IntegrationTest\IntegrationTest.csproj", "{36A66B12-E011-4942-A8CA-FB68271FE2B2}"
EndProject
Project("{FAE04EC0-301F-11D3-BF4B-00C04F79EFBC}") = "APITest", "test\APITest\APITest.csproj", "{4948795E-C961-450E-B8A9-E994A5BB1BEB}"
EndProject
Project("{FAE04EC0-301F-11D3-BF4B-00C04F79EFBC}") = "MediaService", "server\Media\MediaService\MediaService.csproj", "{ED272034-EE16-4A39-8C09-509ABA92988B}"
EndProject
Project("{FAE04EC0-301F-11D3-BF4B-00C04F79EFBC}") = "NotificationService", "server\Notifications\NotificationService\NotificationService.csproj", "{3E00355B-9087-4F34-9AB4-8865DFCD2319}"
EndProject
Global
	GlobalSection(SolutionConfigurationPlatforms) = preSolution
		Debug|Any CPU = Debug|Any CPU
		Release|Any CPU = Release|Any CPU
	EndGlobalSection
	GlobalSection(ProjectConfigurationPlatforms) = postSolution
		{BC2FF319-5EDD-470F-AFDD-F3829DB7D9EE}.Debug|Any CPU.ActiveCfg = Debug|Any CPU
		{BC2FF319-5EDD-470F-AFDD-F3829DB7D9EE}.Debug|Any CPU.Build.0 = Debug|Any CPU
		{BC2FF319-5EDD-470F-AFDD-F3829DB7D9EE}.Release|Any CPU.ActiveCfg = Release|Any CPU
		{BC2FF319-5EDD-470F-AFDD-F3829DB7D9EE}.Release|Any CPU.Build.0 = Release|Any CPU
		{79F5E2DF-E8FB-A2ED-0BDC-2E55076E8018}.Debug|Any CPU.ActiveCfg = Debug|Any CPU
		{79F5E2DF-E8FB-A2ED-0BDC-2E55076E8018}.Debug|Any CPU.Build.0 = Debug|Any CPU
		{79F5E2DF-E8FB-A2ED-0BDC-2E55076E8018}.Release|Any CPU.ActiveCfg = Release|Any CPU
		{79F5E2DF-E8FB-A2ED-0BDC-2E55076E8018}.Release|Any CPU.Build.0 = Release|Any CPU
		{71E0CD84-0E8F-A901-6C33-6F31D6B9E93A}.Debug|Any CPU.ActiveCfg = Debug|Any CPU
		{71E0CD84-0E8F-A901-6C33-6F31D6B9E93A}.Debug|Any CPU.Build.0 = Debug|Any CPU
		{71E0CD84-0E8F-A901-6C33-6F31D6B9E93A}.Release|Any CPU.ActiveCfg = Release|Any CPU
		{71E0CD84-0E8F-A901-6C33-6F31D6B9E93A}.Release|Any CPU.Build.0 = Release|Any CPU
		{094DE32D-5325-3CCE-269E-56128FED48AD}.Debug|Any CPU.ActiveCfg = Debug|Any CPU
		{094DE32D-5325-3CCE-269E-56128FED48AD}.Debug|Any CPU.Build.0 = Debug|Any CPU
		{094DE32D-5325-3CCE-269E-56128FED48AD}.Release|Any CPU.ActiveCfg = Release|Any CPU
		{094DE32D-5325-3CCE-269E-56128FED48AD}.Release|Any CPU.Build.0 = Release|Any CPU
		{E8208A76-2F2E-4313-8B6C-E4C7833F7BFE}.Debug|Any CPU.ActiveCfg = Debug|Any CPU
		{E8208A76-2F2E-4313-8B6C-E4C7833F7BFE}.Debug|Any CPU.Build.0 = Debug|Any CPU
		{E8208A76-2F2E-4313-8B6C-E4C7833F7BFE}.Release|Any CPU.ActiveCfg = Release|Any CPU
		{E8208A76-2F2E-4313-8B6C-E4C7833F7BFE}.Release|Any CPU.Build.0 = Release|Any CPU
		{3ABD39D9-8BA6-4268-B21C-344AD33BDB08}.Debug|Any CPU.ActiveCfg = Debug|Any CPU
		{3ABD39D9-8BA6-4268-B21C-344AD33BDB08}.Debug|Any CPU.Build.0 = Debug|Any CPU
		{3ABD39D9-8BA6-4268-B21C-344AD33BDB08}.Release|Any CPU.ActiveCfg = Release|Any CPU
		{3ABD39D9-8BA6-4268-B21C-344AD33BDB08}.Release|Any CPU.Build.0 = Release|Any CPU
		{1AF9AD5C-F7C0-41D2-B27E-75A9F073987C}.Debug|Any CPU.ActiveCfg = Debug|Any CPU
		{1AF9AD5C-F7C0-41D2-B27E-75A9F073987C}.Debug|Any CPU.Build.0 = Debug|Any CPU
		{1AF9AD5C-F7C0-41D2-B27E-75A9F073987C}.Release|Any CPU.ActiveCfg = Release|Any CPU
		{1AF9AD5C-F7C0-41D2-B27E-75A9F073987C}.Release|Any CPU.Build.0 = Release|Any CPU
		{8DDAF5A0-689C-444C-9676-F0EC0CC503E1}.Debug|Any CPU.ActiveCfg = Debug|Any CPU
		{8DDAF5A0-689C-444C-9676-F0EC0CC503E1}.Debug|Any CPU.Build.0 = Debug|Any CPU
		{8DDAF5A0-689C-444C-9676-F0EC0CC503E1}.Release|Any CPU.ActiveCfg = Release|Any CPU
		{8DDAF5A0-689C-444C-9676-F0EC0CC503E1}.Release|Any CPU.Build.0 = Release|Any CPU
		{0C663825-3B26-48DA-ACAE-B1E963728ED4}.Debug|Any CPU.ActiveCfg = Debug|Any CPU
		{0C663825-3B26-48DA-ACAE-B1E963728ED4}.Debug|Any CPU.Build.0 = Debug|Any CPU
		{0C663825-3B26-48DA-ACAE-B1E963728ED4}.Release|Any CPU.ActiveCfg = Release|Any CPU
		{0C663825-3B26-48DA-ACAE-B1E963728ED4}.Release|Any CPU.Build.0 = Release|Any CPU
		{D7F1A6CE-10D9-4794-9529-2E88386D15B7}.Debug|Any CPU.ActiveCfg = Debug|Any CPU
		{D7F1A6CE-10D9-4794-9529-2E88386D15B7}.Debug|Any CPU.Build.0 = Debug|Any CPU
		{D7F1A6CE-10D9-4794-9529-2E88386D15B7}.Release|Any CPU.ActiveCfg = Release|Any CPU
		{D7F1A6CE-10D9-4794-9529-2E88386D15B7}.Release|Any CPU.Build.0 = Release|Any CPU
		{36A66B12-E011-4942-A8CA-FB68271FE2B2}.Debug|Any CPU.ActiveCfg = Debug|Any CPU
		{36A66B12-E011-4942-A8CA-FB68271FE2B2}.Debug|Any CPU.Build.0 = Debug|Any CPU
		{36A66B12-E011-4942-A8CA-FB68271FE2B2}.Release|Any CPU.ActiveCfg = Release|Any CPU
		{36A66B12-E011-4942-A8CA-FB68271FE2B2}.Release|Any CPU.Build.0 = Release|Any CPU
		{4948795E-C961-450E-B8A9-E994A5BB1BEB}.Debug|Any CPU.ActiveCfg = Debug|Any CPU
		{4948795E-C961-450E-B8A9-E994A5BB1BEB}.Debug|Any CPU.Build.0 = Debug|Any CPU
		{4948795E-C961-450E-B8A9-E994A5BB1BEB}.Release|Any CPU.ActiveCfg = Release|Any CPU
		{4948795E-C961-450E-B8A9-E994A5BB1BEB}.Release|Any CPU.Build.0 = Release|Any CPU
		{ED272034-EE16-4A39-8C09-509ABA92988B}.Debug|Any CPU.ActiveCfg = Debug|Any CPU
		{ED272034-EE16-4A39-8C09-509ABA92988B}.Debug|Any CPU.Build.0 = Debug|Any CPU
		{ED272034-EE16-4A39-8C09-509ABA92988B}.Release|Any CPU.ActiveCfg = Release|Any CPU
		{ED272034-EE16-4A39-8C09-509ABA92988B}.Release|Any CPU.Build.0 = Release|Any CPU
		{3E00355B-9087-4F34-9AB4-8865DFCD2319}.Debug|Any CPU.ActiveCfg = Debug|Any CPU
		{3E00355B-9087-4F34-9AB4-8865DFCD2319}.Debug|Any CPU.Build.0 = Debug|Any CPU
		{3E00355B-9087-4F34-9AB4-8865DFCD2319}.Release|Any CPU.ActiveCfg = Release|Any CPU
		{3E00355B-9087-4F34-9AB4-8865DFCD2319}.Release|Any CPU.Build.0 = Release|Any CPU
	EndGlobalSection
	GlobalSection(SolutionProperties) = preSolution
		HideSolutionNode = FALSE
	EndGlobalSection
	GlobalSection(NestedProjects) = preSolution
		{BC2FF319-5EDD-470F-AFDD-F3829DB7D9EE} = {F3F5B72E-585D-4172-BA56-F77BC703233C}
		{79F5E2DF-E8FB-A2ED-0BDC-2E55076E8018} = {F3F5B72E-585D-4172-BA56-F77BC703233C}
		{71E0CD84-0E8F-A901-6C33-6F31D6B9E93A} = {F3F5B72E-585D-4172-BA56-F77BC703233C}
		{094DE32D-5325-3CCE-269E-56128FED48AD} = {F3F5B72E-585D-4172-BA56-F77BC703233C}
		{E8208A76-2F2E-4313-8B6C-E4C7833F7BFE} = {F3F5B72E-585D-4172-BA56-F77BC703233C}
		{3ABD39D9-8BA6-4268-B21C-344AD33BDB08} = {F3F5B72E-585D-4172-BA56-F77BC703233C}
		{1AF9AD5C-F7C0-41D2-B27E-75A9F073987C} = {972255DA-4988-4D77-8AC9-6D4887CC6112}
		{8DDAF5A0-689C-444C-9676-F0EC0CC503E1} = {972255DA-4988-4D77-8AC9-6D4887CC6112}
		{0C663825-3B26-48DA-ACAE-B1E963728ED4} = {972255DA-4988-4D77-8AC9-6D4887CC6112}
		{D7F1A6CE-10D9-4794-9529-2E88386D15B7} = {972255DA-4988-4D77-8AC9-6D4887CC6112}
		{36A66B12-E011-4942-A8CA-FB68271FE2B2} = {972255DA-4988-4D77-8AC9-6D4887CC6112}
		{4948795E-C961-450E-B8A9-E994A5BB1BEB} = {972255DA-4988-4D77-8AC9-6D4887CC6112}
		{ED272034-EE16-4A39-8C09-509ABA92988B} = {F3F5B72E-585D-4172-BA56-F77BC703233C}
		{3E00355B-9087-4F34-9AB4-8865DFCD2319} = {F3F5B72E-585D-4172-BA56-F77BC703233C}
	EndGlobalSection
	GlobalSection(ExtensibilityGlobals) = postSolution
		SolutionGuid = {F17A78FC-7529-4FD8-8DF2-2A29F42E0F75}
	EndGlobalSection
EndGlobal
